
Microsoft Visual Studio Solution File, Format Version 12.00
# Visual Studio Version 16
VisualStudioVersion = 16.0.809.5
MinimumVisualStudioVersion = 10.0.40219.1
Project("{FAE04EC0-301F-11D3-BF4B-00C04F79EFBC}") = "MeadowTetris", "MeadowTetris\MeadowTetris.csproj", "{6FFFE25D-E97B-4BDF-975A-1683536F4104}"
EndProject
Global
	GlobalSection(SolutionConfigurationPlatforms) = preSolution
		Debug|Any CPU = Debug|Any CPU
		Release|Any CPU = Release|Any CPU
	EndGlobalSection
	GlobalSection(ProjectConfigurationPlatforms) = postSolution
		{6FFFE25D-E97B-4BDF-975A-1683536F4104}.Debug|Any CPU.ActiveCfg = Debug|Any CPU
		{6FFFE25D-E97B-4BDF-975A-1683536F4104}.Debug|Any CPU.Build.0 = Debug|Any CPU
		{6FFFE25D-E97B-4BDF-975A-1683536F4104}.Release|Any CPU.ActiveCfg = Release|Any CPU
		{6FFFE25D-E97B-4BDF-975A-1683536F4104}.Release|Any CPU.Build.0 = Release|Any CPU
	EndGlobalSection
	GlobalSection(SolutionProperties) = preSolution
		HideSolutionNode = FALSE
	EndGlobalSection
	GlobalSection(ExtensibilityGlobals) = postSolution
		SolutionGuid = {91351906-9433-4182-8755-891952A5BE1F}
	EndGlobalSection
EndGlobal
